
Microsoft Visual Studio Solution File, Format Version 12.00
# Visual Studio 2013
VisualStudioVersion = 12.0.40629.0
MinimumVisualStudioVersion = 10.0.40219.1
Project("{FAE04EC0-301F-11D3-BF4B-00C04F79EFBC}") = "TestNLog", "TestNLog\TestNLog.csproj", "{92E1DACD-5605-4038-A372-3FEC41B1F273}"
EndProject
Project("{FAE04EC0-301F-11D3-BF4B-00C04F79EFBC}") = "SignalRNLog", "SignalRNLog\SignalRNLog.csproj", "{3B8968DA-4CC0-41F8-9C88-0354A6EFF353}"
EndProject
Project("{FAE04EC0-301F-11D3-BF4B-00C04F79EFBC}") = "ClientSimulate", "ClientSimulate\ClientSimulate.csproj", "{1273B54F-D23F-4DAA-AB27-2909E334357E}"
EndProject
Project("{FAE04EC0-301F-11D3-BF4B-00C04F79EFBC}") = "NotifyIconTest", "NotifyIconTest\NotifyIconTest.csproj", "{5D052B33-3815-4FAB-BDB0-AC7971B66813}"
EndProject
Global
	GlobalSection(SolutionConfigurationPlatforms) = preSolution
		Debug|Any CPU = Debug|Any CPU
		Release|Any CPU = Release|Any CPU
	EndGlobalSection
	GlobalSection(ProjectConfigurationPlatforms) = postSolution
		{92E1DACD-5605-4038-A372-3FEC41B1F273}.Debug|Any CPU.ActiveCfg = Debug|Any CPU
		{92E1DACD-5605-4038-A372-3FEC41B1F273}.Debug|Any CPU.Build.0 = Debug|Any CPU
		{92E1DACD-5605-4038-A372-3FEC41B1F273}.Release|Any CPU.ActiveCfg = Release|Any CPU
		{92E1DACD-5605-4038-A372-3FEC41B1F273}.Release|Any CPU.Build.0 = Release|Any CPU
		{3B8968DA-4CC0-41F8-9C88-0354A6EFF353}.Debug|Any CPU.ActiveCfg = Debug|Any CPU
		{3B8968DA-4CC0-41F8-9C88-0354A6EFF353}.Debug|Any CPU.Build.0 = Debug|Any CPU
		{3B8968DA-4CC0-41F8-9C88-0354A6EFF353}.Release|Any CPU.ActiveCfg = Release|Any CPU
		{3B8968DA-4CC0-41F8-9C88-0354A6EFF353}.Release|Any CPU.Build.0 = Release|Any CPU
		{1273B54F-D23F-4DAA-AB27-2909E334357E}.Debug|Any CPU.ActiveCfg = Debug|Any CPU
		{1273B54F-D23F-4DAA-AB27-2909E334357E}.Debug|Any CPU.Build.0 = Debug|Any CPU
		{1273B54F-D23F-4DAA-AB27-2909E334357E}.Release|Any CPU.ActiveCfg = Release|Any CPU
		{1273B54F-D23F-4DAA-AB27-2909E334357E}.Release|Any CPU.Build.0 = Release|Any CPU
		{5D052B33-3815-4FAB-BDB0-AC7971B66813}.Debug|Any CPU.ActiveCfg = Debug|Any CPU
		{5D052B33-3815-4FAB-BDB0-AC7971B66813}.Debug|Any CPU.Build.0 = Debug|Any CPU
		{5D052B33-3815-4FAB-BDB0-AC7971B66813}.Release|Any CPU.ActiveCfg = Release|Any CPU
		{5D052B33-3815-4FAB-BDB0-AC7971B66813}.Release|Any CPU.Build.0 = Release|Any CPU
	EndGlobalSection
	GlobalSection(SolutionProperties) = preSolution
		HideSolutionNode = FALSE
	EndGlobalSection
EndGlobal
