
Microsoft Visual Studio Solution File, Format Version 12.00
# Visual Studio 2013
VisualStudioVersion = 12.0.21005.1
MinimumVisualStudioVersion = 10.0.40219.1
Project("{FAE04EC0-301F-11D3-BF4B-00C04F79EFBC}") = "TestNLog", "TestNLog\TestNLog.csproj", "{92E1DACD-5605-4038-A372-3FEC41B1F273}"
EndProject
Project("{FAE04EC0-301F-11D3-BF4B-00C04F79EFBC}") = "SignalRNLog", "SignalRNLog\SignalRNLog.csproj", "{3B8968DA-4CC0-41F8-9C88-0354A6EFF353}"
EndProject
Project("{FAE04EC0-301F-11D3-BF4B-00C04F79EFBC}") = "ClientSimulate", "ClientSimulate\ClientSimulate.csproj", "{1273B54F-D23F-4DAA-AB27-2909E334357E}"
EndProject
Project("{FAE04EC0-301F-11D3-BF4B-00C04F79EFBC}") = "NotifyIconTest", "NotifyIconTest\NotifyIconTest.csproj", "{5D052B33-3815-4FAB-BDB0-AC7971B66813}"
EndProject
Project("{2150E333-8FDC-42A3-9474-1A3956D46DE8}") = ".nuget", ".nuget", "{CC2E1764-41DB-48ED-839F-DEDF916F5032}"
	ProjectSection(SolutionItems) = preProject
		.nuget\packages.config = .nuget\packages.config
	EndProjectSection
EndProject
Project("{FAE04EC0-301F-11D3-BF4B-00C04F79EFBC}") = "RestClientTest", "RestClientTest\RestClientTest.csproj", "{57052759-E75E-4F25-8194-BB4B671C413C}"
EndProject
Project("{FAE04EC0-301F-11D3-BF4B-00C04F79EFBC}") = "WebSocket-Test", "WebSocket-Test\WebSocket-Test.csproj", "{AB7D24E6-B14D-4753-98B1-D16027805471}"
EndProject
Project("{FAE04EC0-301F-11D3-BF4B-00C04F79EFBC}") = "RestSharpUpload", "RestSharpUpload\RestSharpUpload.csproj", "{2BC2BD16-114F-4A20-A369-3535504058BD}"
EndProject
Project("{FAE04EC0-301F-11D3-BF4B-00C04F79EFBC}") = "TestJoin", "TestJoin\TestJoin.csproj", "{1ECF8B3C-9850-47DA-8E48-3615E21CCA29}"
EndProject
Project("{FAE04EC0-301F-11D3-BF4B-00C04F79EFBC}") = "SemaphoreForm", "Test_Background\SemaphoreForm.csproj", "{FBE32428-7BF9-4D62-8492-3A0561A4D347}"
EndProject
Project("{FAE04EC0-301F-11D3-BF4B-00C04F79EFBC}") = "TaskAsync", "TaskAsync\TaskAsync.csproj", "{1B2743C8-5261-4355-89CF-F51359F9E856}"
EndProject
Global
	GlobalSection(SolutionConfigurationPlatforms) = preSolution
		Debug|Any CPU = Debug|Any CPU
		Release|Any CPU = Release|Any CPU
	EndGlobalSection
	GlobalSection(ProjectConfigurationPlatforms) = postSolution
		{92E1DACD-5605-4038-A372-3FEC41B1F273}.Debug|Any CPU.ActiveCfg = Debug|Any CPU
		{92E1DACD-5605-4038-A372-3FEC41B1F273}.Debug|Any CPU.Build.0 = Debug|Any CPU
		{92E1DACD-5605-4038-A372-3FEC41B1F273}.Release|Any CPU.ActiveCfg = Release|Any CPU
		{92E1DACD-5605-4038-A372-3FEC41B1F273}.Release|Any CPU.Build.0 = Release|Any CPU
		{3B8968DA-4CC0-41F8-9C88-0354A6EFF353}.Debug|Any CPU.ActiveCfg = Debug|Any CPU
		{3B8968DA-4CC0-41F8-9C88-0354A6EFF353}.Debug|Any CPU.Build.0 = Debug|Any CPU
		{3B8968DA-4CC0-41F8-9C88-0354A6EFF353}.Release|Any CPU.ActiveCfg = Release|Any CPU
		{3B8968DA-4CC0-41F8-9C88-0354A6EFF353}.Release|Any CPU.Build.0 = Release|Any CPU
		{1273B54F-D23F-4DAA-AB27-2909E334357E}.Debug|Any CPU.ActiveCfg = Debug|Any CPU
		{1273B54F-D23F-4DAA-AB27-2909E334357E}.Debug|Any CPU.Build.0 = Debug|Any CPU
		{1273B54F-D23F-4DAA-AB27-2909E334357E}.Release|Any CPU.ActiveCfg = Release|Any CPU
		{1273B54F-D23F-4DAA-AB27-2909E334357E}.Release|Any CPU.Build.0 = Release|Any CPU
		{5D052B33-3815-4FAB-BDB0-AC7971B66813}.Debug|Any CPU.ActiveCfg = Debug|Any CPU
		{5D052B33-3815-4FAB-BDB0-AC7971B66813}.Debug|Any CPU.Build.0 = Debug|Any CPU
		{5D052B33-3815-4FAB-BDB0-AC7971B66813}.Release|Any CPU.ActiveCfg = Release|Any CPU
		{5D052B33-3815-4FAB-BDB0-AC7971B66813}.Release|Any CPU.Build.0 = Release|Any CPU
		{57052759-E75E-4F25-8194-BB4B671C413C}.Debug|Any CPU.ActiveCfg = Debug|Any CPU
		{57052759-E75E-4F25-8194-BB4B671C413C}.Debug|Any CPU.Build.0 = Debug|Any CPU
		{57052759-E75E-4F25-8194-BB4B671C413C}.Release|Any CPU.ActiveCfg = Release|Any CPU
		{57052759-E75E-4F25-8194-BB4B671C413C}.Release|Any CPU.Build.0 = Release|Any CPU
		{AB7D24E6-B14D-4753-98B1-D16027805471}.Debug|Any CPU.ActiveCfg = Debug|Any CPU
		{AB7D24E6-B14D-4753-98B1-D16027805471}.Debug|Any CPU.Build.0 = Debug|Any CPU
		{AB7D24E6-B14D-4753-98B1-D16027805471}.Release|Any CPU.ActiveCfg = Release|Any CPU
		{AB7D24E6-B14D-4753-98B1-D16027805471}.Release|Any CPU.Build.0 = Release|Any CPU
		{2BC2BD16-114F-4A20-A369-3535504058BD}.Debug|Any CPU.ActiveCfg = Debug|Any CPU
		{2BC2BD16-114F-4A20-A369-3535504058BD}.Debug|Any CPU.Build.0 = Debug|Any CPU
		{2BC2BD16-114F-4A20-A369-3535504058BD}.Release|Any CPU.ActiveCfg = Release|Any CPU
		{2BC2BD16-114F-4A20-A369-3535504058BD}.Release|Any CPU.Build.0 = Release|Any CPU
		{1ECF8B3C-9850-47DA-8E48-3615E21CCA29}.Debug|Any CPU.ActiveCfg = Debug|Any CPU
		{1ECF8B3C-9850-47DA-8E48-3615E21CCA29}.Debug|Any CPU.Build.0 = Debug|Any CPU
		{1ECF8B3C-9850-47DA-8E48-3615E21CCA29}.Release|Any CPU.ActiveCfg = Release|Any CPU
		{1ECF8B3C-9850-47DA-8E48-3615E21CCA29}.Release|Any CPU.Build.0 = Release|Any CPU
		{FBE32428-7BF9-4D62-8492-3A0561A4D347}.Debug|Any CPU.ActiveCfg = Debug|Any CPU
		{FBE32428-7BF9-4D62-8492-3A0561A4D347}.Debug|Any CPU.Build.0 = Debug|Any CPU
		{FBE32428-7BF9-4D62-8492-3A0561A4D347}.Release|Any CPU.ActiveCfg = Release|Any CPU
		{FBE32428-7BF9-4D62-8492-3A0561A4D347}.Release|Any CPU.Build.0 = Release|Any CPU
		{1B2743C8-5261-4355-89CF-F51359F9E856}.Debug|Any CPU.ActiveCfg = Debug|Any CPU
		{1B2743C8-5261-4355-89CF-F51359F9E856}.Debug|Any CPU.Build.0 = Debug|Any CPU
		{1B2743C8-5261-4355-89CF-F51359F9E856}.Release|Any CPU.ActiveCfg = Release|Any CPU
		{1B2743C8-5261-4355-89CF-F51359F9E856}.Release|Any CPU.Build.0 = Release|Any CPU
	EndGlobalSection
	GlobalSection(SolutionProperties) = preSolution
		HideSolutionNode = FALSE
	EndGlobalSection
EndGlobal
